// !$*UTF8*$!
{
	archiveVersion = 1;
	classes = {
	};
	objectVersion = 46;
	objects = {

/* Begin PBXBuildFile section */
		1D60589B0D05DD56006BFB54 /* main.m in Sources */ = {isa = PBXBuildFile; fileRef = 29B97316FDCFA39411CA2CEA /* main.m */; };
		1D60589F0D05DD5A006BFB54 /* Foundation.framework in Frameworks */ = {isa = PBXBuildFile; fileRef = 1D30AB110D05D00D00671497 /* Foundation.framework */; };
		1DF5F4E00D08C38300B7A737 /* UIKit.framework in Frameworks */ = {isa = PBXBuildFile; fileRef = 1DF5F4DF0D08C38300B7A737 /* UIKit.framework */; };
		288765080DF74369002DB57D /* CoreGraphics.framework in Frameworks */ = {isa = PBXBuildFile; fileRef = 288765070DF74369002DB57D /* CoreGraphics.framework */; };
		373EEF0910CA40F6007CFD39 /* AnimationImageView.m in Sources */ = {isa = PBXBuildFile; fileRef = 373EEF0810CA40F6007CFD39 /* AnimationImageView.m */; };
		373EF0A510CC8AFE007CFD39 /* ConcurrentOperation.m in Sources */ = {isa = PBXBuildFile; fileRef = 373EF0A410CC8AFE007CFD39 /* ConcurrentOperation.m */; };
		373EF0AC10CC9047007CFD39 /* PredictionOperation.m in Sources */ = {isa = PBXBuildFile; fileRef = 373EF0AB10CC9047007CFD39 /* PredictionOperation.m */; };
		3795472510C7A13E005A2D93 /* BusAnimationAnnotationView.m in Sources */ = {isa = PBXBuildFile; fileRef = 3795472410C7A13E005A2D93 /* BusAnimationAnnotationView.m */; };
		37C127A210CC9DB6007604BB /* BusInformationOperation.m in Sources */ = {isa = PBXBuildFile; fileRef = 37C127A110CC9DB6007604BB /* BusInformationOperation.m */; };
		37C2C57D10E003EE0001E1AF /* RoutePattern.m in Sources */ = {isa = PBXBuildFile; fileRef = 37C2C57C10E003EE0001E1AF /* RoutePattern.m */; };
		37C2CB7F10E3F54B0001E1AF /* SegmentedViewController.m in Sources */ = {isa = PBXBuildFile; fileRef = 37C2CB7E10E3F54B0001E1AF /* SegmentedViewController.m */; };
		37C2CCC910E715A40001E1AF /* RouteSegmentedViewController.m in Sources */ = {isa = PBXBuildFile; fileRef = 37C2CCC810E715A40001E1AF /* RouteSegmentedViewController.m */; };
		37C2CE4810E7EFB60001E1AF /* Network.png in Resources */ = {isa = PBXBuildFile; fileRef = 37C2CE4710E7EFB60001E1AF /* Network.png */; };
		37C2CE6110E7FD790001E1AF /* StopSegmentedViewController.m in Sources */ = {isa = PBXBuildFile; fileRef = 37C2CE6010E7FD790001E1AF /* StopSegmentedViewController.m */; };
		37C2CEBA10E881F70001E1AF /* Location.png in Resources */ = {isa = PBXBuildFile; fileRef = 37C2CEB910E881F70001E1AF /* Location.png */; };
		37C2CF3A10E8914D0001E1AF /* ExtendedViewController.m in Sources */ = {isa = PBXBuildFile; fileRef = 37C2CF3910E8914D0001E1AF /* ExtendedViewController.m */; };
		37C2D00B10E95F6F0001E1AF /* StopTimeSegmentedViewController.m in Sources */ = {isa = PBXBuildFile; fileRef = 37C2D00A10E95F6F0001E1AF /* StopTimeSegmentedViewController.m */; };
		37CB1DB210D355EE00661E8E /* RedCircle_100_0.png in Resources */ = {isa = PBXBuildFile; fileRef = 37CB1D9A10D355EE00661E8E /* RedCircle_100_0.png */; };
		37CB1DB310D355EE00661E8E /* RedCircle_100_80.png in Resources */ = {isa = PBXBuildFile; fileRef = 37CB1D9B10D355EE00661E8E /* RedCircle_100_80.png */; };
		37CB1DB410D355EE00661E8E /* RedCircle_20_0.png in Resources */ = {isa = PBXBuildFile; fileRef = 37CB1D9C10D355EE00661E8E /* RedCircle_20_0.png */; };
		37CB1DB510D355EE00661E8E /* RedCircle_25_0.png in Resources */ = {isa = PBXBuildFile; fileRef = 37CB1D9D10D355EE00661E8E /* RedCircle_25_0.png */; };
		37CB1DB610D355EE00661E8E /* RedCircle_30_0.png in Resources */ = {isa = PBXBuildFile; fileRef = 37CB1D9E10D355EE00661E8E /* RedCircle_30_0.png */; };
		37CB1DB710D355EE00661E8E /* RedCircle_35_0.png in Resources */ = {isa = PBXBuildFile; fileRef = 37CB1D9F10D355EE00661E8E /* RedCircle_35_0.png */; };
		37CB1DB810D355EE00661E8E /* RedCircle_40_0.png in Resources */ = {isa = PBXBuildFile; fileRef = 37CB1DA010D355EE00661E8E /* RedCircle_40_0.png */; };
		37CB1DB910D355EE00661E8E /* RedCircle_45_0.png in Resources */ = {isa = PBXBuildFile; fileRef = 37CB1DA110D355EE00661E8E /* RedCircle_45_0.png */; };
		37CB1DBA10D355EE00661E8E /* RedCircle_50_0.png in Resources */ = {isa = PBXBuildFile; fileRef = 37CB1DA210D355EE00661E8E /* RedCircle_50_0.png */; };
		37CB1DBB10D355EE00661E8E /* RedCircle_55_0.png in Resources */ = {isa = PBXBuildFile; fileRef = 37CB1DA310D355EE00661E8E /* RedCircle_55_0.png */; };
		37CB1DBC10D355EE00661E8E /* RedCircle_60_0.png in Resources */ = {isa = PBXBuildFile; fileRef = 37CB1DA410D355EE00661E8E /* RedCircle_60_0.png */; };
		37CB1DBD10D355EE00661E8E /* RedCircle_65_0.png in Resources */ = {isa = PBXBuildFile; fileRef = 37CB1DA510D355EE00661E8E /* RedCircle_65_0.png */; };
		37CB1DBE10D355EE00661E8E /* RedCircle_70_0.png in Resources */ = {isa = PBXBuildFile; fileRef = 37CB1DA610D355EE00661E8E /* RedCircle_70_0.png */; };
		37CB1DBF10D355EE00661E8E /* RedCircle_75_0.png in Resources */ = {isa = PBXBuildFile; fileRef = 37CB1DA710D355EE00661E8E /* RedCircle_75_0.png */; };
		37CB1DC010D355EE00661E8E /* RedCircle_80_0.png in Resources */ = {isa = PBXBuildFile; fileRef = 37CB1DA810D355EE00661E8E /* RedCircle_80_0.png */; };
		37CB1DC110D355EE00661E8E /* RedCircle_80_10.png in Resources */ = {isa = PBXBuildFile; fileRef = 37CB1DA910D355EE00661E8E /* RedCircle_80_10.png */; };
		37CB1DC310D355EE00661E8E /* RedCircle_85_0.png in Resources */ = {isa = PBXBuildFile; fileRef = 37CB1DAB10D355EE00661E8E /* RedCircle_85_0.png */; };
		37CB1DC410D355EE00661E8E /* RedCircle_85_20.png in Resources */ = {isa = PBXBuildFile; fileRef = 37CB1DAC10D355EE00661E8E /* RedCircle_85_20.png */; };
		37CB1DC510D355EE00661E8E /* RedCircle_90_0.png in Resources */ = {isa = PBXBuildFile; fileRef = 37CB1DAD10D355EE00661E8E /* RedCircle_90_0.png */; };
		37CB1DC610D355EE00661E8E /* RedCircle_90_40.png in Resources */ = {isa = PBXBuildFile; fileRef = 37CB1DAE10D355EE00661E8E /* RedCircle_90_40.png */; };
		37CB1DC710D355EE00661E8E /* RedCircle_95_0.png in Resources */ = {isa = PBXBuildFile; fileRef = 37CB1DAF10D355EE00661E8E /* RedCircle_95_0.png */; };
		37CB1DC810D355EE00661E8E /* RedCircle_95_60.png in Resources */ = {isa = PBXBuildFile; fileRef = 37CB1DB010D355EE00661E8E /* RedCircle_95_60.png */; };
		7C25BFEC10A7DA4D00AAD086 /* CSRouteView.m in Sources */ = {isa = PBXBuildFile; fileRef = 7C25BFEB10A7DA4D00AAD086 /* CSRouteView.m */; };
		7C25BFEF10A7DA8300AAD086 /* CSRouteAnnotation.m in Sources */ = {isa = PBXBuildFile; fileRef = 7C25BFEE10A7DA8300AAD086 /* CSRouteAnnotation.m */; };
		7C25C00610A7DC6F00AAD086 /* CoreLocation.framework in Frameworks */ = {isa = PBXBuildFile; fileRef = 7C25C00510A7DC6F00AAD086 /* CoreLocation.framework */; };
		7C25C28010A8CD7300AAD086 /* UIColor_Extensions.m in Sources */ = {isa = PBXBuildFile; fileRef = 7C25C27F10A8CD7300AAD086 /* UIColor_Extensions.m */; };
		7C7A510410A1153600B396C9 /* TestDB.sqlite in Resources */ = {isa = PBXBuildFile; fileRef = 7C7A510310A1153600B396C9 /* TestDB.sqlite */; };
		7CC4CFC01096784F00F2BB67 /* CoreData.framework in Frameworks */ = {isa = PBXBuildFile; fileRef = 7CC4CFBF1096784F00F2BB67 /* CoreData.framework */; };
		7CC4CFE31096795200F2BB67 /* TransitModel.xcdatamodel in Sources */ = {isa = PBXBuildFile; fileRef = 7CC4CFE21096795200F2BB67 /* TransitModel.xcdatamodel */; };
		7CC4D06A10978EBF00F2BB67 /* Stop.m in Sources */ = {isa = PBXBuildFile; fileRef = 7CC4D05B10978EBF00F2BB67 /* Stop.m */; };
		7CC4D06B10978EBF00F2BB67 /* Route.m in Sources */ = {isa = PBXBuildFile; fileRef = 7CC4D05D10978EBF00F2BB67 /* Route.m */; };
		7CC4D06C10978EBF00F2BB67 /* Shape.m in Sources */ = {isa = PBXBuildFile; fileRef = 7CC4D05F10978EBF00F2BB67 /* Shape.m */; };
		7CC4D06D10978EBF00F2BB67 /* CalendarDate.m in Sources */ = {isa = PBXBuildFile; fileRef = 7CC4D06110978EBF00F2BB67 /* CalendarDate.m */; };
		7CC4D06E10978EBF00F2BB67 /* Calendar.m in Sources */ = {isa = PBXBuildFile; fileRef = 7CC4D06310978EBF00F2BB67 /* Calendar.m */; };
		7CC4D06F10978EBF00F2BB67 /* StopTime.m in Sources */ = {isa = PBXBuildFile; fileRef = 7CC4D06510978EBF00F2BB67 /* StopTime.m */; };
		7CC4D07010978EBF00F2BB67 /* Agency.m in Sources */ = {isa = PBXBuildFile; fileRef = 7CC4D06710978EBF00F2BB67 /* Agency.m */; };
		7CC4D07110978EBF00F2BB67 /* Trip.m in Sources */ = {isa = PBXBuildFile; fileRef = 7CC4D06910978EBF00F2BB67 /* Trip.m */; };
		7CCE8A7310C39E1900E1406F /* OverlayHeaderView.m in Sources */ = {isa = PBXBuildFile; fileRef = 7CCE8A7210C39E1900E1406F /* OverlayHeaderView.m */; };
		7CD3E3E310C58AB20053771E /* BusTokenIcon.png in Resources */ = {isa = PBXBuildFile; fileRef = 7CD3E3E210C58AB20053771E /* BusTokenIcon.png */; };
		7CD986F310AA68BE00116483 /* AboutViewController.m in Sources */ = {isa = PBXBuildFile; fileRef = 7CD986F210AA68BE00116483 /* AboutViewController.m */; };
		7CE2275210C347AB00893B6B /* TableViewController.m in Sources */ = {isa = PBXBuildFile; fileRef = 7CE2275110C347AB00893B6B /* TableViewController.m */; };
		7CE69E7210C243890002DE93 /* ARouteIcon_43.png in Resources */ = {isa = PBXBuildFile; fileRef = 7CE69E5E10C243890002DE93 /* ARouteIcon_43.png */; };
		7CE69E7310C243890002DE93 /* BRouteIcon_43.png in Resources */ = {isa = PBXBuildFile; fileRef = 7CE69E5F10C243890002DE93 /* BRouteIcon_43.png */; };
		7CE69E7410C243890002DE93 /* CRouteIcon_43.png in Resources */ = {isa = PBXBuildFile; fileRef = 7CE69E6010C243890002DE93 /* CRouteIcon_43.png */; };
		7CE69E7510C243890002DE93 /* DRouteIcon_43.png in Resources */ = {isa = PBXBuildFile; fileRef = 7CE69E6110C243890002DE93 /* DRouteIcon_43.png */; };
		7CE69E7610C243890002DE93 /* ERouteIcon_43.png in Resources */ = {isa = PBXBuildFile; fileRef = 7CE69E6210C243890002DE93 /* ERouteIcon_43.png */; };
		7CE69E7710C243890002DE93 /* FRouteIcon_43.png in Resources */ = {isa = PBXBuildFile; fileRef = 7CE69E6310C243890002DE93 /* FRouteIcon_43.png */; };
		7CE69E7810C243890002DE93 /* GRouteIcon_43.png in Resources */ = {isa = PBXBuildFile; fileRef = 7CE69E6410C243890002DE93 /* GRouteIcon_43.png */; };
		7CE69E7910C243890002DE93 /* HRouteIcon_43.png in Resources */ = {isa = PBXBuildFile; fileRef = 7CE69E6510C243890002DE93 /* HRouteIcon_43.png */; };
		7CE69E7A10C243890002DE93 /* JRouteIcon_43.png in Resources */ = {isa = PBXBuildFile; fileRef = 7CE69E6610C243890002DE93 /* JRouteIcon_43.png */; };
		7CE69E7B10C243890002DE93 /* KRouteIcon_43.png in Resources */ = {isa = PBXBuildFile; fileRef = 7CE69E6710C243890002DE93 /* KRouteIcon_43.png */; };
		7CE69E7C10C243890002DE93 /* LRouteIcon_43.png in Resources */ = {isa = PBXBuildFile; fileRef = 7CE69E6810C243890002DE93 /* LRouteIcon_43.png */; };
		7CE69E7D10C243890002DE93 /* MRouteIcon_43.png in Resources */ = {isa = PBXBuildFile; fileRef = 7CE69E6910C243890002DE93 /* MRouteIcon_43.png */; };
		7CE69E7E10C243890002DE93 /* NRouteIcon_43.png in Resources */ = {isa = PBXBuildFile; fileRef = 7CE69E6A10C243890002DE93 /* NRouteIcon_43.png */; };
		7CE69E7F10C243890002DE93 /* PRouteIcon_43.png in Resources */ = {isa = PBXBuildFile; fileRef = 7CE69E6B10C243890002DE93 /* PRouteIcon_43.png */; };
		7CE69E8010C243890002DE93 /* QRouteIcon_43.png in Resources */ = {isa = PBXBuildFile; fileRef = 7CE69E6C10C243890002DE93 /* QRouteIcon_43.png */; };
		7CE69E8110C243890002DE93 /* RouteIcon.opacity in Resources */ = {isa = PBXBuildFile; fileRef = 7CE69E6D10C243890002DE93 /* RouteIcon.opacity */; };
		7CE69E8210C243890002DE93 /* SRouteIcon_43.png in Resources */ = {isa = PBXBuildFile; fileRef = 7CE69E6E10C243890002DE93 /* SRouteIcon_43.png */; };
		7CE69E8310C243890002DE93 /* TRouteIcon_43.png in Resources */ = {isa = PBXBuildFile; fileRef = 7CE69E6F10C243890002DE93 /* TRouteIcon_43.png */; };
		7CE69E8410C243890002DE93 /* URouteIcon_43.png in Resources */ = {isa = PBXBuildFile; fileRef = 7CE69E7010C243890002DE93 /* URouteIcon_43.png */; };
		7CE69E8510C243890002DE93 /* WRouteIcon_43.png in Resources */ = {isa = PBXBuildFile; fileRef = 7CE69E7110C243890002DE93 /* WRouteIcon_43.png */; };
		7CE69E9710C243D00002DE93 /* Icon.png in Resources */ = {isa = PBXBuildFile; fileRef = 7CE69E9610C243D00002DE93 /* Icon.png */; };
		7CE69EBC10C248250002DE93 /* Default.png in Resources */ = {isa = PBXBuildFile; fileRef = 7CE69EBB10C248250002DE93 /* Default.png */; };
		7CE69EFC10C2FA850002DE93 /* DetailOverlayView.m in Sources */ = {isa = PBXBuildFile; fileRef = 7CE69EFB10C2FA850002DE93 /* DetailOverlayView.m */; };
		7CE6EFE210A7B4B3009BF91A /* MapKit.framework in Frameworks */ = {isa = PBXBuildFile; fileRef = 7CE6EFE110A7B4B3009BF91A /* MapKit.framework */; };
		7CE6EFE910A7B512009BF91A /* RouteMapViewController.m in Sources */ = {isa = PBXBuildFile; fileRef = 7CE6EFE810A7B512009BF91A /* RouteMapViewController.m */; };
		7CE6EFEB10A7B525009BF91A /* RouteMapView.xib in Resources */ = {isa = PBXBuildFile; fileRef = 7CE6EFEA10A7B525009BF91A /* RouteMapView.xib */; };
		7CEEFF69109F5798005EB194 /* DatabaseManager.m in Sources */ = {isa = PBXBuildFile; fileRef = 7CEEFF68109F5798005EB194 /* DatabaseManager.m */; };
		C90525F110D9AB3D00B1B7F1 /* BusArrow.png in Resources */ = {isa = PBXBuildFile; fileRef = C90525F010D9AB3D00B1B7F1 /* BusArrow.png */; };
		C91476C510AA47B20014E49F /* NSDate_Extensions.m in Sources */ = {isa = PBXBuildFile; fileRef = C91476C410AA47B20014E49F /* NSDate_Extensions.m */; };
		C923170910A790C100A1BB6C /* RealTimeBusInfo.m in Sources */ = {isa = PBXBuildFile; fileRef = C923170810A790C100A1BB6C /* RealTimeBusInfo.m */; };
		C974345110A9F4D50072C7B6 /* Todo in Resources */ = {isa = PBXBuildFile; fileRef = C974345010A9F4D50072C7B6 /* Todo */; };
		C98B1ECA10C63CCC00F26386 /* DatePickerController.m in Sources */ = {isa = PBXBuildFile; fileRef = C98B1EC910C63CCC00F26386 /* DatePickerController.m */; };
		C98B1F0510C6611500F26386 /* DatePickerController.xib in Resources */ = {isa = PBXBuildFile; fileRef = C98B1F0410C6611500F26386 /* DatePickerController.xib */; };
		C98E582110D70EFE00B08808 /* Transform.m in Sources */ = {isa = PBXBuildFile; fileRef = C98E582010D70EFE00B08808 /* Transform.m */; };
		C993E17610A2066D00B0F44D /* AgencyViewController.m in Sources */ = {isa = PBXBuildFile; fileRef = C993E16F10A2066D00B0F44D /* AgencyViewController.m */; };
		C993E17810A2066D00B0F44D /* RouteViewController.m in Sources */ = {isa = PBXBuildFile; fileRef = C993E17310A2066D00B0F44D /* RouteViewController.m */; };
		C993E17910A2066D00B0F44D /* StopViewController.m in Sources */ = {isa = PBXBuildFile; fileRef = C993E17510A2066D00B0F44D /* StopViewController.m */; };
		C993E17C10A206A300B0F44D /* UnitransAppDelegate.m in Sources */ = {isa = PBXBuildFile; fileRef = C993E17B10A206A300B0F44D /* UnitransAppDelegate.m */; };
		C993E18C10A206E800B0F44D /* MainWindow.xib in Resources */ = {isa = PBXBuildFile; fileRef = C993E18B10A206E800B0F44D /* MainWindow.xib */; };
		C9AB0A5F10A3627400B75C4B /* StopTimeViewController.m in Sources */ = {isa = PBXBuildFile; fileRef = C9AB0A5E10A3627400B75C4B /* StopTimeViewController.m */; };
/* End PBXBuildFile section */

/* Begin PBXFileReference section */
		1D30AB110D05D00D00671497 /* Foundation.framework */ = {isa = PBXFileReference; lastKnownFileType = wrapper.framework; name = Foundation.framework; path = System/Library/Frameworks/Foundation.framework; sourceTree = SDKROOT; };
		1D6058910D05DD3D006BFB54 /* Unitrans.app */ = {isa = PBXFileReference; explicitFileType = wrapper.application; includeInIndex = 0; path = Unitrans.app; sourceTree = BUILT_PRODUCTS_DIR; };
		1DF5F4DF0D08C38300B7A737 /* UIKit.framework */ = {isa = PBXFileReference; lastKnownFileType = wrapper.framework; name = UIKit.framework; path = System/Library/Frameworks/UIKit.framework; sourceTree = SDKROOT; };
		288765070DF74369002DB57D /* CoreGraphics.framework */ = {isa = PBXFileReference; lastKnownFileType = wrapper.framework; name = CoreGraphics.framework; path = System/Library/Frameworks/CoreGraphics.framework; sourceTree = SDKROOT; };
		28A0AB4B0D9B1048005BE974 /* Unitrans_Prefix.pch */ = {isa = PBXFileReference; fileEncoding = 4; lastKnownFileType = sourcecode.c.h; name = Unitrans_Prefix.pch; path = ../../Unitrans_Prefix.pch; sourceTree = "<group>"; };
		29B97316FDCFA39411CA2CEA /* main.m */ = {isa = PBXFileReference; fileEncoding = 4; lastKnownFileType = sourcecode.c.objc; path = main.m; sourceTree = "<group>"; };
		373EEF0710CA40F6007CFD39 /* AnimationImageView.h */ = {isa = PBXFileReference; fileEncoding = 4; lastKnownFileType = sourcecode.c.h; path = AnimationImageView.h; sourceTree = "<group>"; };
		373EEF0810CA40F6007CFD39 /* AnimationImageView.m */ = {isa = PBXFileReference; fileEncoding = 4; lastKnownFileType = sourcecode.c.objc; path = AnimationImageView.m; sourceTree = "<group>"; };
		373EF0A310CC8AFE007CFD39 /* ConcurrentOperation.h */ = {isa = PBXFileReference; fileEncoding = 4; lastKnownFileType = sourcecode.c.h; path = ConcurrentOperation.h; sourceTree = "<group>"; };
		373EF0A410CC8AFE007CFD39 /* ConcurrentOperation.m */ = {isa = PBXFileReference; fileEncoding = 4; lastKnownFileType = sourcecode.c.objc; path = ConcurrentOperation.m; sourceTree = "<group>"; };
		373EF0AA10CC9047007CFD39 /* PredictionOperation.h */ = {isa = PBXFileReference; fileEncoding = 4; lastKnownFileType = sourcecode.c.h; path = PredictionOperation.h; sourceTree = "<group>"; };
		373EF0AB10CC9047007CFD39 /* PredictionOperation.m */ = {isa = PBXFileReference; fileEncoding = 4; lastKnownFileType = sourcecode.c.objc; path = PredictionOperation.m; sourceTree = "<group>"; };
		3795472310C7A13E005A2D93 /* BusAnimationAnnotationView.h */ = {isa = PBXFileReference; fileEncoding = 4; lastKnownFileType = sourcecode.c.h; path = BusAnimationAnnotationView.h; sourceTree = "<group>"; };
		3795472410C7A13E005A2D93 /* BusAnimationAnnotationView.m */ = {isa = PBXFileReference; fileEncoding = 4; lastKnownFileType = sourcecode.c.objc; path = BusAnimationAnnotationView.m; sourceTree = "<group>"; };
		37C127A010CC9DB6007604BB /* BusInformationOperation.h */ = {isa = PBXFileReference; fileEncoding = 4; lastKnownFileType = sourcecode.c.h; path = BusInformationOperation.h; sourceTree = "<group>"; };
		37C127A110CC9DB6007604BB /* BusInformationOperation.m */ = {isa = PBXFileReference; fileEncoding = 4; lastKnownFileType = sourcecode.c.objc; path = BusInformationOperation.m; sourceTree = "<group>"; };
		37C2C57B10E003EE0001E1AF /* RoutePattern.h */ = {isa = PBXFileReference; fileEncoding = 4; lastKnownFileType = sourcecode.c.h; path = RoutePattern.h; sourceTree = "<group>"; };
		37C2C57C10E003EE0001E1AF /* RoutePattern.m */ = {isa = PBXFileReference; fileEncoding = 4; lastKnownFileType = sourcecode.c.objc; path = RoutePattern.m; sourceTree = "<group>"; };
		37C2CB7D10E3F54B0001E1AF /* SegmentedViewController.h */ = {isa = PBXFileReference; fileEncoding = 4; lastKnownFileType = sourcecode.c.h; path = SegmentedViewController.h; sourceTree = "<group>"; };
		37C2CB7E10E3F54B0001E1AF /* SegmentedViewController.m */ = {isa = PBXFileReference; fileEncoding = 4; lastKnownFileType = sourcecode.c.objc; path = SegmentedViewController.m; sourceTree = "<group>"; };
		37C2CCC710E715A40001E1AF /* RouteSegmentedViewController.h */ = {isa = PBXFileReference; fileEncoding = 4; lastKnownFileType = sourcecode.c.h; path = RouteSegmentedViewController.h; sourceTree = "<group>"; };
		37C2CCC810E715A40001E1AF /* RouteSegmentedViewController.m */ = {isa = PBXFileReference; fileEncoding = 4; lastKnownFileType = sourcecode.c.objc; path = RouteSegmentedViewController.m; sourceTree = "<group>"; };
		37C2CE4710E7EFB60001E1AF /* Network.png */ = {isa = PBXFileReference; lastKnownFileType = image.png; path = Network.png; sourceTree = "<group>"; };
		37C2CE5F10E7FD790001E1AF /* StopSegmentedViewController.h */ = {isa = PBXFileReference; fileEncoding = 4; lastKnownFileType = sourcecode.c.h; path = StopSegmentedViewController.h; sourceTree = "<group>"; };
		37C2CE6010E7FD790001E1AF /* StopSegmentedViewController.m */ = {isa = PBXFileReference; fileEncoding = 4; lastKnownFileType = sourcecode.c.objc; path = StopSegmentedViewController.m; sourceTree = "<group>"; };
		37C2CEB910E881F70001E1AF /* Location.png */ = {isa = PBXFileReference; lastKnownFileType = image.png; path = Location.png; sourceTree = "<group>"; };
		37C2CF3810E8914D0001E1AF /* ExtendedViewController.h */ = {isa = PBXFileReference; fileEncoding = 4; lastKnownFileType = sourcecode.c.h; path = ExtendedViewController.h; sourceTree = "<group>"; };
		37C2CF3910E8914D0001E1AF /* ExtendedViewController.m */ = {isa = PBXFileReference; fileEncoding = 4; lastKnownFileType = sourcecode.c.objc; path = ExtendedViewController.m; sourceTree = "<group>"; };
		37C2D00910E95F6F0001E1AF /* StopTimeSegmentedViewController.h */ = {isa = PBXFileReference; fileEncoding = 4; lastKnownFileType = sourcecode.c.h; path = StopTimeSegmentedViewController.h; sourceTree = "<group>"; };
		37C2D00A10E95F6F0001E1AF /* StopTimeSegmentedViewController.m */ = {isa = PBXFileReference; fileEncoding = 4; lastKnownFileType = sourcecode.c.objc; path = StopTimeSegmentedViewController.m; sourceTree = "<group>"; };
		37CB1D9A10D355EE00661E8E /* RedCircle_100_0.png */ = {isa = PBXFileReference; lastKnownFileType = image.png; path = RedCircle_100_0.png; sourceTree = "<group>"; };
		37CB1D9B10D355EE00661E8E /* RedCircle_100_80.png */ = {isa = PBXFileReference; lastKnownFileType = image.png; path = RedCircle_100_80.png; sourceTree = "<group>"; };
		37CB1D9C10D355EE00661E8E /* RedCircle_20_0.png */ = {isa = PBXFileReference; lastKnownFileType = image.png; path = RedCircle_20_0.png; sourceTree = "<group>"; };
		37CB1D9D10D355EE00661E8E /* RedCircle_25_0.png */ = {isa = PBXFileReference; lastKnownFileType = image.png; path = RedCircle_25_0.png; sourceTree = "<group>"; };
		37CB1D9E10D355EE00661E8E /* RedCircle_30_0.png */ = {isa = PBXFileReference; lastKnownFileType = image.png; path = RedCircle_30_0.png; sourceTree = "<group>"; };
		37CB1D9F10D355EE00661E8E /* RedCircle_35_0.png */ = {isa = PBXFileReference; lastKnownFileType = image.png; path = RedCircle_35_0.png; sourceTree = "<group>"; };
		37CB1DA010D355EE00661E8E /* RedCircle_40_0.png */ = {isa = PBXFileReference; lastKnownFileType = image.png; path = RedCircle_40_0.png; sourceTree = "<group>"; };
		37CB1DA110D355EE00661E8E /* RedCircle_45_0.png */ = {isa = PBXFileReference; lastKnownFileType = image.png; path = RedCircle_45_0.png; sourceTree = "<group>"; };
		37CB1DA210D355EE00661E8E /* RedCircle_50_0.png */ = {isa = PBXFileReference; lastKnownFileType = image.png; path = RedCircle_50_0.png; sourceTree = "<group>"; };
		37CB1DA310D355EE00661E8E /* RedCircle_55_0.png */ = {isa = PBXFileReference; lastKnownFileType = image.png; path = RedCircle_55_0.png; sourceTree = "<group>"; };
		37CB1DA410D355EE00661E8E /* RedCircle_60_0.png */ = {isa = PBXFileReference; lastKnownFileType = image.png; path = RedCircle_60_0.png; sourceTree = "<group>"; };
		37CB1DA510D355EE00661E8E /* RedCircle_65_0.png */ = {isa = PBXFileReference; lastKnownFileType = image.png; path = RedCircle_65_0.png; sourceTree = "<group>"; };
		37CB1DA610D355EE00661E8E /* RedCircle_70_0.png */ = {isa = PBXFileReference; lastKnownFileType = image.png; path = RedCircle_70_0.png; sourceTree = "<group>"; };
		37CB1DA710D355EE00661E8E /* RedCircle_75_0.png */ = {isa = PBXFileReference; lastKnownFileType = image.png; path = RedCircle_75_0.png; sourceTree = "<group>"; };
		37CB1DA810D355EE00661E8E /* RedCircle_80_0.png */ = {isa = PBXFileReference; lastKnownFileType = image.png; path = RedCircle_80_0.png; sourceTree = "<group>"; };
		37CB1DA910D355EE00661E8E /* RedCircle_80_10.png */ = {isa = PBXFileReference; lastKnownFileType = image.png; path = RedCircle_80_10.png; sourceTree = "<group>"; };
		37CB1DAB10D355EE00661E8E /* RedCircle_85_0.png */ = {isa = PBXFileReference; lastKnownFileType = image.png; path = RedCircle_85_0.png; sourceTree = "<group>"; };
		37CB1DAC10D355EE00661E8E /* RedCircle_85_20.png */ = {isa = PBXFileReference; lastKnownFileType = image.png; path = RedCircle_85_20.png; sourceTree = "<group>"; };
		37CB1DAD10D355EE00661E8E /* RedCircle_90_0.png */ = {isa = PBXFileReference; lastKnownFileType = image.png; path = RedCircle_90_0.png; sourceTree = "<group>"; };
		37CB1DAE10D355EE00661E8E /* RedCircle_90_40.png */ = {isa = PBXFileReference; lastKnownFileType = image.png; path = RedCircle_90_40.png; sourceTree = "<group>"; };
		37CB1DAF10D355EE00661E8E /* RedCircle_95_0.png */ = {isa = PBXFileReference; lastKnownFileType = image.png; path = RedCircle_95_0.png; sourceTree = "<group>"; };
		37CB1DB010D355EE00661E8E /* RedCircle_95_60.png */ = {isa = PBXFileReference; lastKnownFileType = image.png; path = RedCircle_95_60.png; sourceTree = "<group>"; };
		7C25BFEA10A7DA4D00AAD086 /* CSRouteView.h */ = {isa = PBXFileReference; fileEncoding = 4; lastKnownFileType = sourcecode.c.h; path = CSRouteView.h; sourceTree = "<group>"; };
		7C25BFEB10A7DA4D00AAD086 /* CSRouteView.m */ = {isa = PBXFileReference; fileEncoding = 4; lastKnownFileType = sourcecode.c.objc; path = CSRouteView.m; sourceTree = "<group>"; };
		7C25BFED10A7DA8300AAD086 /* CSRouteAnnotation.h */ = {isa = PBXFileReference; fileEncoding = 4; lastKnownFileType = sourcecode.c.h; path = CSRouteAnnotation.h; sourceTree = "<group>"; };
		7C25BFEE10A7DA8300AAD086 /* CSRouteAnnotation.m */ = {isa = PBXFileReference; fileEncoding = 4; lastKnownFileType = sourcecode.c.objc; path = CSRouteAnnotation.m; sourceTree = "<group>"; };
		7C25C00510A7DC6F00AAD086 /* CoreLocation.framework */ = {isa = PBXFileReference; lastKnownFileType = wrapper.framework; name = CoreLocation.framework; path = System/Library/Frameworks/CoreLocation.framework; sourceTree = SDKROOT; };
		7C25C27E10A8CD7300AAD086 /* UIColor_Extensions.h */ = {isa = PBXFileReference; fileEncoding = 4; lastKnownFileType = sourcecode.c.h; path = UIColor_Extensions.h; sourceTree = "<group>"; };
		7C25C27F10A8CD7300AAD086 /* UIColor_Extensions.m */ = {isa = PBXFileReference; fileEncoding = 4; lastKnownFileType = sourcecode.c.objc; path = UIColor_Extensions.m; sourceTree = "<group>"; };
		7C7A510310A1153600B396C9 /* TestDB.sqlite */ = {isa = PBXFileReference; lastKnownFileType = file; path = TestDB.sqlite; sourceTree = "<group>"; };
		7CC4CFBF1096784F00F2BB67 /* CoreData.framework */ = {isa = PBXFileReference; lastKnownFileType = wrapper.framework; name = CoreData.framework; path = System/Library/Frameworks/CoreData.framework; sourceTree = SDKROOT; };
		7CC4CFE21096795200F2BB67 /* TransitModel.xcdatamodel */ = {isa = PBXFileReference; fileEncoding = 4; lastKnownFileType = wrapper.xcdatamodel; path = TransitModel.xcdatamodel; sourceTree = "<group>"; };
		7CC4D05A10978EBF00F2BB67 /* Stop.h */ = {isa = PBXFileReference; fileEncoding = 4; lastKnownFileType = sourcecode.c.h; path = Stop.h; sourceTree = "<group>"; };
		7CC4D05B10978EBF00F2BB67 /* Stop.m */ = {isa = PBXFileReference; fileEncoding = 4; lastKnownFileType = sourcecode.c.objc; path = Stop.m; sourceTree = "<group>"; };
		7CC4D05C10978EBF00F2BB67 /* Route.h */ = {isa = PBXFileReference; fileEncoding = 4; lastKnownFileType = sourcecode.c.h; path = Route.h; sourceTree = "<group>"; };
		7CC4D05D10978EBF00F2BB67 /* Route.m */ = {isa = PBXFileReference; fileEncoding = 4; lastKnownFileType = sourcecode.c.objc; path = Route.m; sourceTree = "<group>"; };
		7CC4D05E10978EBF00F2BB67 /* Shape.h */ = {isa = PBXFileReference; fileEncoding = 4; lastKnownFileType = sourcecode.c.h; path = Shape.h; sourceTree = "<group>"; };
		7CC4D05F10978EBF00F2BB67 /* Shape.m */ = {isa = PBXFileReference; fileEncoding = 4; lastKnownFileType = sourcecode.c.objc; path = Shape.m; sourceTree = "<group>"; };
		7CC4D06010978EBF00F2BB67 /* CalendarDate.h */ = {isa = PBXFileReference; fileEncoding = 4; lastKnownFileType = sourcecode.c.h; path = CalendarDate.h; sourceTree = "<group>"; };
		7CC4D06110978EBF00F2BB67 /* CalendarDate.m */ = {isa = PBXFileReference; fileEncoding = 4; lastKnownFileType = sourcecode.c.objc; path = CalendarDate.m; sourceTree = "<group>"; };
		7CC4D06210978EBF00F2BB67 /* Calendar.h */ = {isa = PBXFileReference; fileEncoding = 4; lastKnownFileType = sourcecode.c.h; path = Calendar.h; sourceTree = "<group>"; };
		7CC4D06310978EBF00F2BB67 /* Calendar.m */ = {isa = PBXFileReference; fileEncoding = 4; lastKnownFileType = sourcecode.c.objc; path = Calendar.m; sourceTree = "<group>"; };
		7CC4D06410978EBF00F2BB67 /* StopTime.h */ = {isa = PBXFileReference; fileEncoding = 4; lastKnownFileType = sourcecode.c.h; path = StopTime.h; sourceTree = "<group>"; };
		7CC4D06510978EBF00F2BB67 /* StopTime.m */ = {isa = PBXFileReference; fileEncoding = 4; lastKnownFileType = sourcecode.c.objc; path = StopTime.m; sourceTree = "<group>"; };
		7CC4D06610978EBF00F2BB67 /* Agency.h */ = {isa = PBXFileReference; fileEncoding = 4; lastKnownFileType = sourcecode.c.h; path = Agency.h; sourceTree = "<group>"; };
		7CC4D06710978EBF00F2BB67 /* Agency.m */ = {isa = PBXFileReference; fileEncoding = 4; lastKnownFileType = sourcecode.c.objc; path = Agency.m; sourceTree = "<group>"; };
		7CC4D06810978EBF00F2BB67 /* Trip.h */ = {isa = PBXFileReference; fileEncoding = 4; lastKnownFileType = sourcecode.c.h; path = Trip.h; sourceTree = "<group>"; };
		7CC4D06910978EBF00F2BB67 /* Trip.m */ = {isa = PBXFileReference; fileEncoding = 4; lastKnownFileType = sourcecode.c.objc; path = Trip.m; sourceTree = "<group>"; };
		7CCE8A7110C39E1900E1406F /* OverlayHeaderView.h */ = {isa = PBXFileReference; fileEncoding = 4; lastKnownFileType = sourcecode.c.h; path = OverlayHeaderView.h; sourceTree = "<group>"; };
		7CCE8A7210C39E1900E1406F /* OverlayHeaderView.m */ = {isa = PBXFileReference; fileEncoding = 4; lastKnownFileType = sourcecode.c.objc; path = OverlayHeaderView.m; sourceTree = "<group>"; };
		7CD3E3E210C58AB20053771E /* BusTokenIcon.png */ = {isa = PBXFileReference; lastKnownFileType = image.png; path = BusTokenIcon.png; sourceTree = "<group>"; };
		7CD986F110AA68BE00116483 /* AboutViewController.h */ = {isa = PBXFileReference; fileEncoding = 4; lastKnownFileType = sourcecode.c.h; path = AboutViewController.h; sourceTree = "<group>"; };
		7CD986F210AA68BE00116483 /* AboutViewController.m */ = {isa = PBXFileReference; fileEncoding = 4; lastKnownFileType = sourcecode.c.objc; path = AboutViewController.m; sourceTree = "<group>"; };
		7CE2275010C347AB00893B6B /* TableViewController.h */ = {isa = PBXFileReference; fileEncoding = 4; lastKnownFileType = sourcecode.c.h; path = TableViewController.h; sourceTree = "<group>"; };
		7CE2275110C347AB00893B6B /* TableViewController.m */ = {isa = PBXFileReference; fileEncoding = 4; lastKnownFileType = sourcecode.c.objc; path = TableViewController.m; sourceTree = "<group>"; };
		7CE69E5E10C243890002DE93 /* ARouteIcon_43.png */ = {isa = PBXFileReference; lastKnownFileType = image.png; path = ARouteIcon_43.png; sourceTree = "<group>"; };
		7CE69E5F10C243890002DE93 /* BRouteIcon_43.png */ = {isa = PBXFileReference; lastKnownFileType = image.png; path = BRouteIcon_43.png; sourceTree = "<group>"; };
		7CE69E6010C243890002DE93 /* CRouteIcon_43.png */ = {isa = PBXFileReference; lastKnownFileType = image.png; path = CRouteIcon_43.png; sourceTree = "<group>"; };
		7CE69E6110C243890002DE93 /* DRouteIcon_43.png */ = {isa = PBXFileReference; lastKnownFileType = image.png; path = DRouteIcon_43.png; sourceTree = "<group>"; };
		7CE69E6210C243890002DE93 /* ERouteIcon_43.png */ = {isa = PBXFileReference; lastKnownFileType = image.png; path = ERouteIcon_43.png; sourceTree = "<group>"; };
		7CE69E6310C243890002DE93 /* FRouteIcon_43.png */ = {isa = PBXFileReference; lastKnownFileType = image.png; path = FRouteIcon_43.png; sourceTree = "<group>"; };
		7CE69E6410C243890002DE93 /* GRouteIcon_43.png */ = {isa = PBXFileReference; lastKnownFileType = image.png; path = GRouteIcon_43.png; sourceTree = "<group>"; };
		7CE69E6510C243890002DE93 /* HRouteIcon_43.png */ = {isa = PBXFileReference; lastKnownFileType = image.png; path = HRouteIcon_43.png; sourceTree = "<group>"; };
		7CE69E6610C243890002DE93 /* JRouteIcon_43.png */ = {isa = PBXFileReference; lastKnownFileType = image.png; path = JRouteIcon_43.png; sourceTree = "<group>"; };
		7CE69E6710C243890002DE93 /* KRouteIcon_43.png */ = {isa = PBXFileReference; lastKnownFileType = image.png; path = KRouteIcon_43.png; sourceTree = "<group>"; };
		7CE69E6810C243890002DE93 /* LRouteIcon_43.png */ = {isa = PBXFileReference; lastKnownFileType = image.png; path = LRouteIcon_43.png; sourceTree = "<group>"; };
		7CE69E6910C243890002DE93 /* MRouteIcon_43.png */ = {isa = PBXFileReference; lastKnownFileType = image.png; path = MRouteIcon_43.png; sourceTree = "<group>"; };
		7CE69E6A10C243890002DE93 /* NRouteIcon_43.png */ = {isa = PBXFileReference; lastKnownFileType = image.png; path = NRouteIcon_43.png; sourceTree = "<group>"; };
		7CE69E6B10C243890002DE93 /* PRouteIcon_43.png */ = {isa = PBXFileReference; lastKnownFileType = image.png; path = PRouteIcon_43.png; sourceTree = "<group>"; };
		7CE69E6C10C243890002DE93 /* QRouteIcon_43.png */ = {isa = PBXFileReference; lastKnownFileType = image.png; path = QRouteIcon_43.png; sourceTree = "<group>"; };
		7CE69E6D10C243890002DE93 /* RouteIcon.opacity */ = {isa = PBXFileReference; lastKnownFileType = file; path = RouteIcon.opacity; sourceTree = "<group>"; };
		7CE69E6E10C243890002DE93 /* SRouteIcon_43.png */ = {isa = PBXFileReference; lastKnownFileType = image.png; path = SRouteIcon_43.png; sourceTree = "<group>"; };
		7CE69E6F10C243890002DE93 /* TRouteIcon_43.png */ = {isa = PBXFileReference; lastKnownFileType = image.png; path = TRouteIcon_43.png; sourceTree = "<group>"; };
		7CE69E7010C243890002DE93 /* URouteIcon_43.png */ = {isa = PBXFileReference; lastKnownFileType = image.png; path = URouteIcon_43.png; sourceTree = "<group>"; };
		7CE69E7110C243890002DE93 /* WRouteIcon_43.png */ = {isa = PBXFileReference; lastKnownFileType = image.png; path = WRouteIcon_43.png; sourceTree = "<group>"; };
		7CE69E9610C243D00002DE93 /* Icon.png */ = {isa = PBXFileReference; lastKnownFileType = image.png; path = Icon.png; sourceTree = "<group>"; };
		7CE69EBB10C248250002DE93 /* Default.png */ = {isa = PBXFileReference; lastKnownFileType = image.png; path = Default.png; sourceTree = "<group>"; };
		7CE69EFA10C2FA850002DE93 /* DetailOverlayView.h */ = {isa = PBXFileReference; fileEncoding = 4; lastKnownFileType = sourcecode.c.h; path = DetailOverlayView.h; sourceTree = "<group>"; };
		7CE69EFB10C2FA850002DE93 /* DetailOverlayView.m */ = {isa = PBXFileReference; fileEncoding = 4; lastKnownFileType = sourcecode.c.objc; path = DetailOverlayView.m; sourceTree = "<group>"; };
		7CE6EFE110A7B4B3009BF91A /* MapKit.framework */ = {isa = PBXFileReference; lastKnownFileType = wrapper.framework; name = MapKit.framework; path = System/Library/Frameworks/MapKit.framework; sourceTree = SDKROOT; };
		7CE6EFE710A7B512009BF91A /* RouteMapViewController.h */ = {isa = PBXFileReference; fileEncoding = 4; lastKnownFileType = sourcecode.c.h; path = RouteMapViewController.h; sourceTree = "<group>"; };
		7CE6EFE810A7B512009BF91A /* RouteMapViewController.m */ = {isa = PBXFileReference; fileEncoding = 4; lastKnownFileType = sourcecode.c.objc; path = RouteMapViewController.m; sourceTree = "<group>"; };
		7CE6EFEA10A7B525009BF91A /* RouteMapView.xib */ = {isa = PBXFileReference; lastKnownFileType = file.xib; path = RouteMapView.xib; sourceTree = "<group>"; };
		7CEEFF67109F5798005EB194 /* DatabaseManager.h */ = {isa = PBXFileReference; fileEncoding = 4; lastKnownFileType = sourcecode.c.h; path = DatabaseManager.h; sourceTree = "<group>"; };
		7CEEFF68109F5798005EB194 /* DatabaseManager.m */ = {isa = PBXFileReference; fileEncoding = 4; lastKnownFileType = sourcecode.c.objc; path = DatabaseManager.m; sourceTree = "<group>"; };
		8D1107310486CEB800E47090 /* Unitrans-Info.plist */ = {isa = PBXFileReference; fileEncoding = 4; lastKnownFileType = text.plist.xml; path = "Unitrans-Info.plist"; plistStructureDefinitionIdentifier = "com.apple.xcode.plist.structure-definition.iphone.info-plist"; sourceTree = "<group>"; };
		C90525F010D9AB3D00B1B7F1 /* BusArrow.png */ = {isa = PBXFileReference; lastKnownFileType = image.png; path = BusArrow.png; sourceTree = "<group>"; };
		C91476C310AA47B20014E49F /* NSDate_Extensions.h */ = {isa = PBXFileReference; fileEncoding = 4; lastKnownFileType = sourcecode.c.h; path = NSDate_Extensions.h; sourceTree = "<group>"; };
		C91476C410AA47B20014E49F /* NSDate_Extensions.m */ = {isa = PBXFileReference; fileEncoding = 4; lastKnownFileType = sourcecode.c.objc; path = NSDate_Extensions.m; sourceTree = "<group>"; };
		C923170710A790C100A1BB6C /* RealTimeBusInfo.h */ = {isa = PBXFileReference; fileEncoding = 4; lastKnownFileType = sourcecode.c.h; path = RealTimeBusInfo.h; sourceTree = "<group>"; };
		C923170810A790C100A1BB6C /* RealTimeBusInfo.m */ = {isa = PBXFileReference; fileEncoding = 4; lastKnownFileType = sourcecode.c.objc; path = RealTimeBusInfo.m; sourceTree = "<group>"; };
		C974345010A9F4D50072C7B6 /* Todo */ = {isa = PBXFileReference; fileEncoding = 4; lastKnownFileType = text; path = Todo; sourceTree = "<group>"; };
		C98B1EC810C63CCC00F26386 /* DatePickerController.h */ = {isa = PBXFileReference; fileEncoding = 4; lastKnownFileType = sourcecode.c.h; path = DatePickerController.h; sourceTree = "<group>"; };
		C98B1EC910C63CCC00F26386 /* DatePickerController.m */ = {isa = PBXFileReference; fileEncoding = 4; lastKnownFileType = sourcecode.c.objc; path = DatePickerController.m; sourceTree = "<group>"; };
		C98B1F0410C6611500F26386 /* DatePickerController.xib */ = {isa = PBXFileReference; lastKnownFileType = file.xib; path = DatePickerController.xib; sourceTree = "<group>"; };
		C98E581F10D70EFE00B08808 /* Transform.h */ = {isa = PBXFileReference; fileEncoding = 4; lastKnownFileType = sourcecode.c.h; path = Transform.h; sourceTree = "<group>"; };
		C98E582010D70EFE00B08808 /* Transform.m */ = {isa = PBXFileReference; fileEncoding = 4; lastKnownFileType = sourcecode.c.objc; path = Transform.m; sourceTree = "<group>"; };
		C993E16E10A2066D00B0F44D /* AgencyViewController.h */ = {isa = PBXFileReference; fileEncoding = 4; lastKnownFileType = sourcecode.c.h; path = AgencyViewController.h; sourceTree = "<group>"; };
		C993E16F10A2066D00B0F44D /* AgencyViewController.m */ = {isa = PBXFileReference; fileEncoding = 4; lastKnownFileType = sourcecode.c.objc; path = AgencyViewController.m; sourceTree = "<group>"; };
		C993E17210A2066D00B0F44D /* RouteViewController.h */ = {isa = PBXFileReference; fileEncoding = 4; lastKnownFileType = sourcecode.c.h; path = RouteViewController.h; sourceTree = "<group>"; };
		C993E17310A2066D00B0F44D /* RouteViewController.m */ = {isa = PBXFileReference; fileEncoding = 4; lastKnownFileType = sourcecode.c.objc; path = RouteViewController.m; sourceTree = "<group>"; };
		C993E17410A2066D00B0F44D /* StopViewController.h */ = {isa = PBXFileReference; fileEncoding = 4; lastKnownFileType = sourcecode.c.h; path = StopViewController.h; sourceTree = "<group>"; };
		C993E17510A2066D00B0F44D /* StopViewController.m */ = {isa = PBXFileReference; fileEncoding = 4; lastKnownFileType = sourcecode.c.objc; path = StopViewController.m; sourceTree = "<group>"; };
		C993E17A10A206A300B0F44D /* UnitransAppDelegate.h */ = {isa = PBXFileReference; fileEncoding = 4; lastKnownFileType = sourcecode.c.h; path = UnitransAppDelegate.h; sourceTree = "<group>"; };
		C993E17B10A206A300B0F44D /* UnitransAppDelegate.m */ = {isa = PBXFileReference; fileEncoding = 4; lastKnownFileType = sourcecode.c.objc; path = UnitransAppDelegate.m; sourceTree = "<group>"; };
		C993E18A10A206D600B0F44D /* AgencyViewController.xib */ = {isa = PBXFileReference; lastKnownFileType = file.xib; path = AgencyViewController.xib; sourceTree = "<group>"; };
		C993E18B10A206E800B0F44D /* MainWindow.xib */ = {isa = PBXFileReference; lastKnownFileType = file.xib; path = MainWindow.xib; sourceTree = "<group>"; };
		C9AB0A5D10A3627400B75C4B /* StopTimeViewController.h */ = {isa = PBXFileReference; fileEncoding = 4; lastKnownFileType = sourcecode.c.h; path = StopTimeViewController.h; sourceTree = "<group>"; };
		C9AB0A5E10A3627400B75C4B /* StopTimeViewController.m */ = {isa = PBXFileReference; fileEncoding = 4; lastKnownFileType = sourcecode.c.objc; path = StopTimeViewController.m; sourceTree = "<group>"; };
/* End PBXFileReference section */

/* Begin PBXFrameworksBuildPhase section */
		1D60588F0D05DD3D006BFB54 /* Frameworks */ = {
			isa = PBXFrameworksBuildPhase;
			buildActionMask = 2147483647;
			files = (
				1D60589F0D05DD5A006BFB54 /* Foundation.framework in Frameworks */,
				1DF5F4E00D08C38300B7A737 /* UIKit.framework in Frameworks */,
				288765080DF74369002DB57D /* CoreGraphics.framework in Frameworks */,
				7CC4CFC01096784F00F2BB67 /* CoreData.framework in Frameworks */,
				7CE6EFE210A7B4B3009BF91A /* MapKit.framework in Frameworks */,
				7C25C00610A7DC6F00AAD086 /* CoreLocation.framework in Frameworks */,
			);
			runOnlyForDeploymentPostprocessing = 0;
		};
/* End PBXFrameworksBuildPhase section */

/* Begin PBXGroup section */
		080E96DDFE201D6D7F000001 /* Classes */ = {
			isa = PBXGroup;
			children = (
				7CC4D048109788F300F2BB67 /* Controllers */,
				7CE6F04510A7C8B0009BF91A /* Views */,
				7CC4D00710967B9A00F2BB67 /* Models */,
				373EF0A010CC8AEA007CFD39 /* Operations */,
				7CC4D0491097891B00F2BB67 /* Other */,
				7C25C27B10A8CD1000AAD086 /* Extensions */,
				29B97315FDCFA39411CA2CEA /* Other Sources */,
			);
			path = Classes;
			sourceTree = "<group>";
		};
		19C28FACFE9D520D11CA2CBB /* Products */ = {
			isa = PBXGroup;
			children = (
				1D6058910D05DD3D006BFB54 /* Unitrans.app */,
			);
			name = Products;
			sourceTree = "<group>";
		};
		29B97314FDCFA39411CA2CEA /* Unitrans */ = {
			isa = PBXGroup;
			children = (
				080E96DDFE201D6D7F000001 /* Classes */,
				29B97317FDCFA39411CA2CEA /* Resources */,
				29B97323FDCFA39411CA2CEA /* Frameworks */,
				19C28FACFE9D520D11CA2CBB /* Products */,
			);
			name = Unitrans;
			sourceTree = "<group>";
		};
		29B97315FDCFA39411CA2CEA /* Other Sources */ = {
			isa = PBXGroup;
			children = (
				29B97316FDCFA39411CA2CEA /* main.m */,
				28A0AB4B0D9B1048005BE974 /* Unitrans_Prefix.pch */,
			);
			path = "Other Sources";
			sourceTree = "<group>";
		};
		29B97317FDCFA39411CA2CEA /* Resources */ = {
			isa = PBXGroup;
			children = (
				7C7A510310A1153600B396C9 /* TestDB.sqlite */,
				7CC4D0AD1097930600F2BB67 /* NIBs */,
				7CC4CFE21096795200F2BB67 /* TransitModel.xcdatamodel */,
				8D1107310486CEB800E47090 /* Unitrans-Info.plist */,
				7CE69E9610C243D00002DE93 /* Icon.png */,
				7CE69EBB10C248250002DE93 /* Default.png */,
				7CD3E3E210C58AB20053771E /* BusTokenIcon.png */,
				C90525F010D9AB3D00B1B7F1 /* BusArrow.png */,
				37C2CEB910E881F70001E1AF /* Location.png */,
				37C2CE4710E7EFB60001E1AF /* Network.png */,
				373EF06510CC77FF007CFD39 /* Circles */,
				7CE69E5D10C243890002DE93 /* RouteIcons */,
				C974345010A9F4D50072C7B6 /* Todo */,
			);
			name = Resources;
			sourceTree = "<group>";
		};
		29B97323FDCFA39411CA2CEA /* Frameworks */ = {
			isa = PBXGroup;
			children = (
				1DF5F4DF0D08C38300B7A737 /* UIKit.framework */,
				7CC4CFBF1096784F00F2BB67 /* CoreData.framework */,
				1D30AB110D05D00D00671497 /* Foundation.framework */,
				288765070DF74369002DB57D /* CoreGraphics.framework */,
				7CE6EFE110A7B4B3009BF91A /* MapKit.framework */,
				7C25C00510A7DC6F00AAD086 /* CoreLocation.framework */,
			);
			name = Frameworks;
			sourceTree = "<group>";
		};
		373EF06510CC77FF007CFD39 /* Circles */ = {
			isa = PBXGroup;
			children = (
				37CB1D9810D355EE00661E8E /* Red */,
			);
			path = Circles;
			sourceTree = "<group>";
		};
		373EF0A010CC8AEA007CFD39 /* Operations */ = {
			isa = PBXGroup;
			children = (
				373EF0A310CC8AFE007CFD39 /* ConcurrentOperation.h */,
				373EF0A410CC8AFE007CFD39 /* ConcurrentOperation.m */,
				373EF0AA10CC9047007CFD39 /* PredictionOperation.h */,
				373EF0AB10CC9047007CFD39 /* PredictionOperation.m */,
				37C127A010CC9DB6007604BB /* BusInformationOperation.h */,
				37C127A110CC9DB6007604BB /* BusInformationOperation.m */,
			);
			path = Operations;
			sourceTree = "<group>";
		};
		37CB1D9810D355EE00661E8E /* Red */ = {
			isa = PBXGroup;
			children = (
				37CB1D9A10D355EE00661E8E /* RedCircle_100_0.png */,
				37CB1D9B10D355EE00661E8E /* RedCircle_100_80.png */,
				37CB1D9C10D355EE00661E8E /* RedCircle_20_0.png */,
				37CB1D9D10D355EE00661E8E /* RedCircle_25_0.png */,
				37CB1D9E10D355EE00661E8E /* RedCircle_30_0.png */,
				37CB1D9F10D355EE00661E8E /* RedCircle_35_0.png */,
				37CB1DA010D355EE00661E8E /* RedCircle_40_0.png */,
				37CB1DA110D355EE00661E8E /* RedCircle_45_0.png */,
				37CB1DA210D355EE00661E8E /* RedCircle_50_0.png */,
				37CB1DA310D355EE00661E8E /* RedCircle_55_0.png */,
				37CB1DA410D355EE00661E8E /* RedCircle_60_0.png */,
				37CB1DA510D355EE00661E8E /* RedCircle_65_0.png */,
				37CB1DA610D355EE00661E8E /* RedCircle_70_0.png */,
				37CB1DA710D355EE00661E8E /* RedCircle_75_0.png */,
				37CB1DA810D355EE00661E8E /* RedCircle_80_0.png */,
				37CB1DA910D355EE00661E8E /* RedCircle_80_10.png */,
				37CB1DAB10D355EE00661E8E /* RedCircle_85_0.png */,
				37CB1DAC10D355EE00661E8E /* RedCircle_85_20.png */,
				37CB1DAD10D355EE00661E8E /* RedCircle_90_0.png */,
				37CB1DAE10D355EE00661E8E /* RedCircle_90_40.png */,
				37CB1DAF10D355EE00661E8E /* RedCircle_95_0.png */,
				37CB1DB010D355EE00661E8E /* RedCircle_95_60.png */,
			);
			path = Red;
			sourceTree = "<group>";
		};
		7C25C27B10A8CD1000AAD086 /* Extensions */ = {
			isa = PBXGroup;
			children = (
				7C25C27E10A8CD7300AAD086 /* UIColor_Extensions.h */,
				7C25C27F10A8CD7300AAD086 /* UIColor_Extensions.m */,
				C91476C310AA47B20014E49F /* NSDate_Extensions.h */,
				C91476C410AA47B20014E49F /* NSDate_Extensions.m */,
				7CE2275010C347AB00893B6B /* TableViewController.h */,
				7CE2275110C347AB00893B6B /* TableViewController.m */,
				37C2CB7D10E3F54B0001E1AF /* SegmentedViewController.h */,
				37C2CB7E10E3F54B0001E1AF /* SegmentedViewController.m */,
				37C2CF3810E8914D0001E1AF /* ExtendedViewController.h */,
				37C2CF3910E8914D0001E1AF /* ExtendedViewController.m */,
			);
			path = Extensions;
			sourceTree = "<group>";
		};
		7CC4D00710967B9A00F2BB67 /* Models */ = {
			isa = PBXGroup;
			children = (
				7CC4D06610978EBF00F2BB67 /* Agency.h */,
				7CC4D06710978EBF00F2BB67 /* Agency.m */,
				7CC4D06210978EBF00F2BB67 /* Calendar.h */,
				7CC4D06310978EBF00F2BB67 /* Calendar.m */,
				7CC4D06010978EBF00F2BB67 /* CalendarDate.h */,
				7CC4D06110978EBF00F2BB67 /* CalendarDate.m */,
				37C2C57B10E003EE0001E1AF /* RoutePattern.h */,
				37C2C57C10E003EE0001E1AF /* RoutePattern.m */,
				7CC4D05C10978EBF00F2BB67 /* Route.h */,
				7CC4D05D10978EBF00F2BB67 /* Route.m */,
				7CC4D05E10978EBF00F2BB67 /* Shape.h */,
				7CC4D05F10978EBF00F2BB67 /* Shape.m */,
				7CC4D05A10978EBF00F2BB67 /* Stop.h */,
				7CC4D05B10978EBF00F2BB67 /* Stop.m */,
				7CC4D06410978EBF00F2BB67 /* StopTime.h */,
				7CC4D06510978EBF00F2BB67 /* StopTime.m */,
				7CC4D06810978EBF00F2BB67 /* Trip.h */,
				7CC4D06910978EBF00F2BB67 /* Trip.m */,
				7C25BFED10A7DA8300AAD086 /* CSRouteAnnotation.h */,
				7C25BFEE10A7DA8300AAD086 /* CSRouteAnnotation.m */,
				C923170710A790C100A1BB6C /* RealTimeBusInfo.h */,
				C923170810A790C100A1BB6C /* RealTimeBusInfo.m */,
			);
			path = Models;
			sourceTree = "<group>";
		};
		7CC4D048109788F300F2BB67 /* Controllers */ = {
			isa = PBXGroup;
			children = (
				C993E16E10A2066D00B0F44D /* AgencyViewController.h */,
				C993E16F10A2066D00B0F44D /* AgencyViewController.m */,
				C993E17210A2066D00B0F44D /* RouteViewController.h */,
				C993E17310A2066D00B0F44D /* RouteViewController.m */,
				C993E17410A2066D00B0F44D /* StopViewController.h */,
				C993E17510A2066D00B0F44D /* StopViewController.m */,
				C9AB0A5D10A3627400B75C4B /* StopTimeViewController.h */,
				C9AB0A5E10A3627400B75C4B /* StopTimeViewController.m */,
				7CE6EFE710A7B512009BF91A /* RouteMapViewController.h */,
				7CE6EFE810A7B512009BF91A /* RouteMapViewController.m */,
				7CD986F110AA68BE00116483 /* AboutViewController.h */,
				7CD986F210AA68BE00116483 /* AboutViewController.m */,
				C98B1EC810C63CCC00F26386 /* DatePickerController.h */,
				C98B1EC910C63CCC00F26386 /* DatePickerController.m */,
				37C2CCC710E715A40001E1AF /* RouteSegmentedViewController.h */,
				37C2CCC810E715A40001E1AF /* RouteSegmentedViewController.m */,
				37C2CE5F10E7FD790001E1AF /* StopSegmentedViewController.h */,
				37C2CE6010E7FD790001E1AF /* StopSegmentedViewController.m */,
				37C2D00910E95F6F0001E1AF /* StopTimeSegmentedViewController.h */,
				37C2D00A10E95F6F0001E1AF /* StopTimeSegmentedViewController.m */,
			);
			path = Controllers;
			sourceTree = "<group>";
		};
		7CC4D0491097891B00F2BB67 /* Other */ = {
			isa = PBXGroup;
			children = (
				C993E17A10A206A300B0F44D /* UnitransAppDelegate.h */,
				C993E17B10A206A300B0F44D /* UnitransAppDelegate.m */,
				7CEEFF67109F5798005EB194 /* DatabaseManager.h */,
				7CEEFF68109F5798005EB194 /* DatabaseManager.m */,
				C98E581F10D70EFE00B08808 /* Transform.h */,
				C98E582010D70EFE00B08808 /* Transform.m */,
			);
			path = Other;
			sourceTree = "<group>";
		};
		7CC4D0AD1097930600F2BB67 /* NIBs */ = {
			isa = PBXGroup;
			children = (
				C993E18B10A206E800B0F44D /* MainWindow.xib */,
				C993E18A10A206D600B0F44D /* AgencyViewController.xib */,
				7CE6EFEA10A7B525009BF91A /* RouteMapView.xib */,
				C98B1F0410C6611500F26386 /* DatePickerController.xib */,
			);
			path = NIBs;
			sourceTree = "<group>";
		};
		7CE69E5D10C243890002DE93 /* RouteIcons */ = {
			isa = PBXGroup;
			children = (
				7CE69E6D10C243890002DE93 /* RouteIcon.opacity */,
				7CE69E5E10C243890002DE93 /* ARouteIcon_43.png */,
				7CE69E5F10C243890002DE93 /* BRouteIcon_43.png */,
				7CE69E6010C243890002DE93 /* CRouteIcon_43.png */,
				7CE69E6110C243890002DE93 /* DRouteIcon_43.png */,
				7CE69E6210C243890002DE93 /* ERouteIcon_43.png */,
				7CE69E6310C243890002DE93 /* FRouteIcon_43.png */,
				7CE69E6410C243890002DE93 /* GRouteIcon_43.png */,
				7CE69E6510C243890002DE93 /* HRouteIcon_43.png */,
				7CE69E6610C243890002DE93 /* JRouteIcon_43.png */,
				7CE69E6710C243890002DE93 /* KRouteIcon_43.png */,
				7CE69E6810C243890002DE93 /* LRouteIcon_43.png */,
				7CE69E6910C243890002DE93 /* MRouteIcon_43.png */,
				7CE69E6A10C243890002DE93 /* NRouteIcon_43.png */,
				7CE69E6B10C243890002DE93 /* PRouteIcon_43.png */,
				7CE69E6C10C243890002DE93 /* QRouteIcon_43.png */,
				7CE69E6E10C243890002DE93 /* SRouteIcon_43.png */,
				7CE69E6F10C243890002DE93 /* TRouteIcon_43.png */,
				7CE69E7010C243890002DE93 /* URouteIcon_43.png */,
				7CE69E7110C243890002DE93 /* WRouteIcon_43.png */,
			);
			path = RouteIcons;
			sourceTree = "<group>";
		};
		7CE6F04510A7C8B0009BF91A /* Views */ = {
			isa = PBXGroup;
			children = (
				7C25BFEA10A7DA4D00AAD086 /* CSRouteView.h */,
				7C25BFEB10A7DA4D00AAD086 /* CSRouteView.m */,
				7CE69EFA10C2FA850002DE93 /* DetailOverlayView.h */,
				7CE69EFB10C2FA850002DE93 /* DetailOverlayView.m */,
				7CCE8A7110C39E1900E1406F /* OverlayHeaderView.h */,
				7CCE8A7210C39E1900E1406F /* OverlayHeaderView.m */,
				3795472310C7A13E005A2D93 /* BusAnimationAnnotationView.h */,
				3795472410C7A13E005A2D93 /* BusAnimationAnnotationView.m */,
				373EEF0710CA40F6007CFD39 /* AnimationImageView.h */,
				373EEF0810CA40F6007CFD39 /* AnimationImageView.m */,
			);
			path = Views;
			sourceTree = "<group>";
		};
/* End PBXGroup section */

/* Begin PBXNativeTarget section */
		1D6058900D05DD3D006BFB54 /* Unitrans */ = {
			isa = PBXNativeTarget;
			buildConfigurationList = 1D6058960D05DD3E006BFB54 /* Build configuration list for PBXNativeTarget "Unitrans" */;
			buildPhases = (
				1D60588D0D05DD3D006BFB54 /* Resources */,
				1D60588E0D05DD3D006BFB54 /* Sources */,
				1D60588F0D05DD3D006BFB54 /* Frameworks */,
			);
			buildRules = (
			);
			dependencies = (
			);
			name = Unitrans;
			productName = Unitrans;
			productReference = 1D6058910D05DD3D006BFB54 /* Unitrans.app */;
			productType = "com.apple.product-type.application";
		};
/* End PBXNativeTarget section */

/* Begin PBXProject section */
		29B97313FDCFA39411CA2CEA /* Project object */ = {
			isa = PBXProject;
			buildConfigurationList = C01FCF4E08A954540054247B /* Build configuration list for PBXProject "Unitrans" */;
			compatibilityVersion = "Xcode 3.2";
			hasScannedForEncodings = 1;
			mainGroup = 29B97314FDCFA39411CA2CEA /* Unitrans */;
			projectDirPath = "";
			projectRoot = "";
			targets = (
				1D6058900D05DD3D006BFB54 /* Unitrans */,
			);
		};
/* End PBXProject section */

/* Begin PBXResourcesBuildPhase section */
		1D60588D0D05DD3D006BFB54 /* Resources */ = {
			isa = PBXResourcesBuildPhase;
			buildActionMask = 2147483647;
			files = (
				7C7A510410A1153600B396C9 /* TestDB.sqlite in Resources */,
				C993E18C10A206E800B0F44D /* MainWindow.xib in Resources */,
				7CE6EFEB10A7B525009BF91A /* RouteMapView.xib in Resources */,
				C974345110A9F4D50072C7B6 /* Todo in Resources */,
				7CE69E7210C243890002DE93 /* ARouteIcon_43.png in Resources */,
				7CE69E7310C243890002DE93 /* BRouteIcon_43.png in Resources */,
				7CE69E7410C243890002DE93 /* CRouteIcon_43.png in Resources */,
				7CE69E7510C243890002DE93 /* DRouteIcon_43.png in Resources */,
				7CE69E7610C243890002DE93 /* ERouteIcon_43.png in Resources */,
				7CE69E7710C243890002DE93 /* FRouteIcon_43.png in Resources */,
				7CE69E7810C243890002DE93 /* GRouteIcon_43.png in Resources */,
				7CE69E7910C243890002DE93 /* HRouteIcon_43.png in Resources */,
				7CE69E7A10C243890002DE93 /* JRouteIcon_43.png in Resources */,
				7CE69E7B10C243890002DE93 /* KRouteIcon_43.png in Resources */,
				7CE69E7C10C243890002DE93 /* LRouteIcon_43.png in Resources */,
				7CE69E7D10C243890002DE93 /* MRouteIcon_43.png in Resources */,
				7CE69E7E10C243890002DE93 /* NRouteIcon_43.png in Resources */,
				7CE69E7F10C243890002DE93 /* PRouteIcon_43.png in Resources */,
				7CE69E8010C243890002DE93 /* QRouteIcon_43.png in Resources */,
				7CE69E8110C243890002DE93 /* RouteIcon.opacity in Resources */,
				7CE69E8210C243890002DE93 /* SRouteIcon_43.png in Resources */,
				7CE69E8310C243890002DE93 /* TRouteIcon_43.png in Resources */,
				7CE69E8410C243890002DE93 /* URouteIcon_43.png in Resources */,
				7CE69E8510C243890002DE93 /* WRouteIcon_43.png in Resources */,
				7CE69E9710C243D00002DE93 /* Icon.png in Resources */,
				7CE69EBC10C248250002DE93 /* Default.png in Resources */,
				7CD3E3E310C58AB20053771E /* BusTokenIcon.png in Resources */,
				C98B1F0510C6611500F26386 /* DatePickerController.xib in Resources */,
				37CB1DB210D355EE00661E8E /* RedCircle_100_0.png in Resources */,
				37CB1DB310D355EE00661E8E /* RedCircle_100_80.png in Resources */,
				37CB1DB410D355EE00661E8E /* RedCircle_20_0.png in Resources */,
				37CB1DB510D355EE00661E8E /* RedCircle_25_0.png in Resources */,
				37CB1DB610D355EE00661E8E /* RedCircle_30_0.png in Resources */,
				37CB1DB710D355EE00661E8E /* RedCircle_35_0.png in Resources */,
				37CB1DB810D355EE00661E8E /* RedCircle_40_0.png in Resources */,
				37CB1DB910D355EE00661E8E /* RedCircle_45_0.png in Resources */,
				37CB1DBA10D355EE00661E8E /* RedCircle_50_0.png in Resources */,
				37CB1DBB10D355EE00661E8E /* RedCircle_55_0.png in Resources */,
				37CB1DBC10D355EE00661E8E /* RedCircle_60_0.png in Resources */,
				37CB1DBD10D355EE00661E8E /* RedCircle_65_0.png in Resources */,
				37CB1DBE10D355EE00661E8E /* RedCircle_70_0.png in Resources */,
				37CB1DBF10D355EE00661E8E /* RedCircle_75_0.png in Resources */,
				37CB1DC010D355EE00661E8E /* RedCircle_80_0.png in Resources */,
				37CB1DC110D355EE00661E8E /* RedCircle_80_10.png in Resources */,
				37CB1DC310D355EE00661E8E /* RedCircle_85_0.png in Resources */,
				37CB1DC410D355EE00661E8E /* RedCircle_85_20.png in Resources */,
				37CB1DC510D355EE00661E8E /* RedCircle_90_0.png in Resources */,
				37CB1DC610D355EE00661E8E /* RedCircle_90_40.png in Resources */,
				37CB1DC710D355EE00661E8E /* RedCircle_95_0.png in Resources */,
				37CB1DC810D355EE00661E8E /* RedCircle_95_60.png in Resources */,
				C90525F110D9AB3D00B1B7F1 /* BusArrow.png in Resources */,
				37C2CE4810E7EFB60001E1AF /* Network.png in Resources */,
				37C2CEBA10E881F70001E1AF /* Location.png in Resources */,
			);
			runOnlyForDeploymentPostprocessing = 0;
		};
/* End PBXResourcesBuildPhase section */

/* Begin PBXSourcesBuildPhase section */
		1D60588E0D05DD3D006BFB54 /* Sources */ = {
			isa = PBXSourcesBuildPhase;
			buildActionMask = 2147483647;
			files = (
				1D60589B0D05DD56006BFB54 /* main.m in Sources */,
				7CC4CFE31096795200F2BB67 /* TransitModel.xcdatamodel in Sources */,
				7CC4D06A10978EBF00F2BB67 /* Stop.m in Sources */,
				7CC4D06B10978EBF00F2BB67 /* Route.m in Sources */,
				7CC4D06C10978EBF00F2BB67 /* Shape.m in Sources */,
				7CC4D06D10978EBF00F2BB67 /* CalendarDate.m in Sources */,
				7CC4D06E10978EBF00F2BB67 /* Calendar.m in Sources */,
				7CC4D06F10978EBF00F2BB67 /* StopTime.m in Sources */,
				7CC4D07010978EBF00F2BB67 /* Agency.m in Sources */,
				7CC4D07110978EBF00F2BB67 /* Trip.m in Sources */,
				7CEEFF69109F5798005EB194 /* DatabaseManager.m in Sources */,
				C993E17610A2066D00B0F44D /* AgencyViewController.m in Sources */,
				C993E17810A2066D00B0F44D /* RouteViewController.m in Sources */,
				C993E17910A2066D00B0F44D /* StopViewController.m in Sources */,
				C993E17C10A206A300B0F44D /* UnitransAppDelegate.m in Sources */,
				C9AB0A5F10A3627400B75C4B /* StopTimeViewController.m in Sources */,
				7CE6EFE910A7B512009BF91A /* RouteMapViewController.m in Sources */,
				7C25BFEC10A7DA4D00AAD086 /* CSRouteView.m in Sources */,
				7C25BFEF10A7DA8300AAD086 /* CSRouteAnnotation.m in Sources */,
				C923170910A790C100A1BB6C /* RealTimeBusInfo.m in Sources */,
				7C25C28010A8CD7300AAD086 /* UIColor_Extensions.m in Sources */,
				C91476C510AA47B20014E49F /* NSDate_Extensions.m in Sources */,
				7CD986F310AA68BE00116483 /* AboutViewController.m in Sources */,
				7CE69EFC10C2FA850002DE93 /* DetailOverlayView.m in Sources */,
				7CE2275210C347AB00893B6B /* TableViewController.m in Sources */,
				7CCE8A7310C39E1900E1406F /* OverlayHeaderView.m in Sources */,
				C98B1ECA10C63CCC00F26386 /* DatePickerController.m in Sources */,
				3795472510C7A13E005A2D93 /* BusAnimationAnnotationView.m in Sources */,
				373EEF0910CA40F6007CFD39 /* AnimationImageView.m in Sources */,
				373EF0A510CC8AFE007CFD39 /* ConcurrentOperation.m in Sources */,
				373EF0AC10CC9047007CFD39 /* PredictionOperation.m in Sources */,
				37C127A210CC9DB6007604BB /* BusInformationOperation.m in Sources */,
				C98E582110D70EFE00B08808 /* Transform.m in Sources */,
				37C2C57D10E003EE0001E1AF /* RoutePattern.m in Sources */,
				37C2CB7F10E3F54B0001E1AF /* SegmentedViewController.m in Sources */,
				37C2CCC910E715A40001E1AF /* RouteSegmentedViewController.m in Sources */,
				37C2CE6110E7FD790001E1AF /* StopSegmentedViewController.m in Sources */,
				37C2CF3A10E8914D0001E1AF /* ExtendedViewController.m in Sources */,
				37C2D00B10E95F6F0001E1AF /* StopTimeSegmentedViewController.m in Sources */,
			);
			runOnlyForDeploymentPostprocessing = 0;
		};
/* End PBXSourcesBuildPhase section */

/* Begin XCBuildConfiguration section */
		1D6058940D05DD3E006BFB54 /* Debug */ = {
			isa = XCBuildConfiguration;
			buildSettings = {
				ALWAYS_SEARCH_USER_PATHS = NO;
				COPY_PHASE_STRIP = NO;
				GCC_DYNAMIC_NO_PIC = NO;
				GCC_OPTIMIZATION_LEVEL = 0;
				GCC_PRECOMPILE_PREFIX_HEADER = YES;
				GCC_PREFIX_HEADER = Unitrans_Prefix.pch;
				GCC_VERSION = "";
				INFOPLIST_FILE = "Unitrans-Info.plist";
				PRODUCT_NAME = Unitrans;
			};
			name = Debug;
		};
		1D6058950D05DD3E006BFB54 /* Release */ = {
			isa = XCBuildConfiguration;
			buildSettings = {
				ALWAYS_SEARCH_USER_PATHS = NO;
				COPY_PHASE_STRIP = YES;
				GCC_PRECOMPILE_PREFIX_HEADER = YES;
				GCC_PREFIX_HEADER = Unitrans_Prefix.pch;
				INFOPLIST_FILE = "Unitrans-Info.plist";
				PRODUCT_NAME = Unitrans;
			};
			name = Release;
		};
		C01FCF4F08A954540054247B /* Debug */ = {
			isa = XCBuildConfiguration;
			buildSettings = {
				ARCHS = "$(ARCHS_STANDARD_32_BIT)";
				"CODE_SIGN_IDENTITY[sdk=iphoneos*]" = "iPhone Developer";
				GCC_C_LANGUAGE_STANDARD = c99;
				GCC_WARN_ABOUT_RETURN_TYPE = YES;
				GCC_WARN_UNUSED_VARIABLE = YES;
				PREBINDING = NO;
				SDKROOT = iphonesimulator3.1.2;
			};
			name = Debug;
		};
		C01FCF5008A954540054247B /* Release */ = {
			isa = XCBuildConfiguration;
			buildSettings = {
				ARCHS = "$(ARCHS_STANDARD_32_BIT)";
				"CODE_SIGN_IDENTITY[sdk=iphoneos*]" = "iPhone Developer";
				GCC_C_LANGUAGE_STANDARD = c99;
				GCC_WARN_ABOUT_RETURN_TYPE = YES;
				GCC_WARN_UNUSED_VARIABLE = YES;
				PREBINDING = NO;
				SDKROOT = iphonesimulator3.1.2;
			};
			name = Release;
		};
/* End XCBuildConfiguration section */

/* Begin XCConfigurationList section */
		1D6058960D05DD3E006BFB54 /* Build configuration list for PBXNativeTarget "Unitrans" */ = {
			isa = XCConfigurationList;
			buildConfigurations = (
				1D6058940D05DD3E006BFB54 /* Debug */,
				1D6058950D05DD3E006BFB54 /* Release */,
			);
			defaultConfigurationIsVisible = 0;
			defaultConfigurationName = Release;
		};
		C01FCF4E08A954540054247B /* Build configuration list for PBXProject "Unitrans" */ = {
			isa = XCConfigurationList;
			buildConfigurations = (
				C01FCF4F08A954540054247B /* Debug */,
				C01FCF5008A954540054247B /* Release */,
			);
			defaultConfigurationIsVisible = 0;
			defaultConfigurationName = Release;
		};
/* End XCConfigurationList section */
	};
	rootObject = 29B97313FDCFA39411CA2CEA /* Project object */;
}
